
Microsoft Visual Studio Solution File, Format Version 12.00
# Visual Studio Version 16
VisualStudioVersion = 16.0.32929.386
MinimumVisualStudioVersion = 10.0.40219.1
Project("{FAE04EC0-301F-11D3-BF4B-00C04F79EFBC}") = "VBQOL", "VBQOL\VBQOL.csproj", "{D8653240-2378-4C73-B4AF-8F4F12B94862}"
EndProject
Global
	GlobalSection(SolutionConfigurationPlatforms) = preSolution
		Debug|Any CPU = Debug|Any CPU
		Debug|x64 = Debug|x64
		Release|Any CPU = Release|Any CPU
		Release|x64 = Release|x64
	EndGlobalSection
	GlobalSection(ProjectConfigurationPlatforms) = postSolution
		{D8653240-2378-4C73-B4AF-8F4F12B94862}.Debug|Any CPU.ActiveCfg = Debug|Any CPU
		{D8653240-2378-4C73-B4AF-8F4F12B94862}.Debug|Any CPU.Build.0 = Debug|Any CPU
		{D8653240-2378-4C73-B4AF-8F4F12B94862}.Release|Any CPU.ActiveCfg = Release|Any CPU
		{D8653240-2378-4C73-B4AF-8F4F12B94862}.Release|Any CPU.Build.0 = Release|Any CPU
	EndGlobalSection
	GlobalSection(SolutionProperties) = preSolution
		HideSolutionNode = FALSE
	EndGlobalSection
	GlobalSection(ExtensibilityGlobals) = postSolution
		SolutionGuid = {9D01DD85-4C43-4CD0-9C73-9FCD8B0B3450}
	EndGlobalSection
EndGlobal
